// !$*UTF8*$!
{
	archiveVersion = 1;
	classes = {
	};
	objectVersion = 51;
	objects = {

/* Begin PBXBuildFile section */
		14D79FC7F2F91868F106A737 /* Pods_Sinup_lesson.framework in Frameworks */ = {isa = PBXBuildFile; fileRef = C1AEFB67052C2D341732F776 /* Pods_Sinup_lesson.framework */; };
		4258C9437A28E2FFBDABCFEA /* Pods_Sinup_lessonTests.framework in Frameworks */ = {isa = PBXBuildFile; fileRef = E823A43B8748ACE356DF6A2D /* Pods_Sinup_lessonTests.framework */; };
		6F244B3615369CE7E14D8B6F /* Pods_Sinup_lesson_Sinup_lessonUITests.framework in Frameworks */ = {isa = PBXBuildFile; fileRef = 9869509D766730424BD8C54B /* Pods_Sinup_lesson_Sinup_lessonUITests.framework */; };
		D662DC3924075CC000EEBD78 /* LoginViewController.swift in Sources */ = {isa = PBXBuildFile; fileRef = D662DC3724075CC000EEBD78 /* LoginViewController.swift */; };
		D662DC3A24075CC000EEBD78 /* LoginViewController.xib in Resources */ = {isa = PBXBuildFile; fileRef = D662DC3824075CC000EEBD78 /* LoginViewController.xib */; };
		D662DC3D24075DBB00EEBD78 /* UserModel.swift in Sources */ = {isa = PBXBuildFile; fileRef = D662DC3C24075DBB00EEBD78 /* UserModel.swift */; };
		D662DC4124075DF600EEBD78 /* NextViewController.swift in Sources */ = {isa = PBXBuildFile; fileRef = D662DC3F24075DF600EEBD78 /* NextViewController.swift */; };
		D662DC4224075DF600EEBD78 /* NextViewController.xib in Resources */ = {isa = PBXBuildFile; fileRef = D662DC4024075DF600EEBD78 /* NextViewController.xib */; };
		D662DC4424075F5D00EEBD78 /* GoogleService-Info.plist in Resources */ = {isa = PBXBuildFile; fileRef = D662DC4324075F5D00EEBD78 /* GoogleService-Info.plist */; };
		D674658C24075B33001DC193 /* AppDelegate.swift in Sources */ = {isa = PBXBuildFile; fileRef = D674658B24075B33001DC193 /* AppDelegate.swift */; };
		D674658E24075B33001DC193 /* SceneDelegate.swift in Sources */ = {isa = PBXBuildFile; fileRef = D674658D24075B33001DC193 /* SceneDelegate.swift */; };
		D674659324075B33001DC193 /* Main.storyboard in Resources */ = {isa = PBXBuildFile; fileRef = D674659124075B33001DC193 /* Main.storyboard */; };
		D674659524075B34001DC193 /* Assets.xcassets in Resources */ = {isa = PBXBuildFile; fileRef = D674659424075B34001DC193 /* Assets.xcassets */; };
		D674659824075B34001DC193 /* LaunchScreen.storyboard in Resources */ = {isa = PBXBuildFile; fileRef = D674659624075B34001DC193 /* LaunchScreen.storyboard */; };
		D67465A324075B34001DC193 /* Sinup_lessonTests.swift in Sources */ = {isa = PBXBuildFile; fileRef = D67465A224075B34001DC193 /* Sinup_lessonTests.swift */; };
		D67465AE24075B34001DC193 /* Sinup_lessonUITests.swift in Sources */ = {isa = PBXBuildFile; fileRef = D67465AD24075B34001DC193 /* Sinup_lessonUITests.swift */; };
		D6CF17F124075BC8000B360C /* SinupViewController.swift in Sources */ = {isa = PBXBuildFile; fileRef = D6CF17EF24075BC8000B360C /* SinupViewController.swift */; };
		D6CF17F224075BC8000B360C /* SinupViewController.xib in Resources */ = {isa = PBXBuildFile; fileRef = D6CF17F024075BC8000B360C /* SinupViewController.xib */; };
/* End PBXBuildFile section */

/* Begin PBXContainerItemProxy section */
		D674659F24075B34001DC193 /* PBXContainerItemProxy */ = {
			isa = PBXContainerItemProxy;
			containerPortal = D674658024075B33001DC193 /* Project object */;
			proxyType = 1;
			remoteGlobalIDString = D674658724075B33001DC193;
			remoteInfo = Sinup_lesson;
		};
		D67465AA24075B34001DC193 /* PBXContainerItemProxy */ = {
			isa = PBXContainerItemProxy;
			containerPortal = D674658024075B33001DC193 /* Project object */;
			proxyType = 1;
			remoteGlobalIDString = D674658724075B33001DC193;
			remoteInfo = Sinup_lesson;
		};
/* End PBXContainerItemProxy section */

/* Begin PBXFileReference section */
		0F723512E031319061B711E0 /* Pods-Sinup_lesson.release.xcconfig */ = {isa = PBXFileReference; includeInIndex = 1; lastKnownFileType = text.xcconfig; name = "Pods-Sinup_lesson.release.xcconfig"; path = "Target Support Files/Pods-Sinup_lesson/Pods-Sinup_lesson.release.xcconfig"; sourceTree = "<group>"; };
		1182FE8AAF914024FECFF6C2 /* Pods-Sinup_lesson-Sinup_lessonUITests.release.xcconfig */ = {isa = PBXFileReference; includeInIndex = 1; lastKnownFileType = text.xcconfig; name = "Pods-Sinup_lesson-Sinup_lessonUITests.release.xcconfig"; path = "Target Support Files/Pods-Sinup_lesson-Sinup_lessonUITests/Pods-Sinup_lesson-Sinup_lessonUITests.release.xcconfig"; sourceTree = "<group>"; };
		5D1D3CD95C5EE9AC67D12A43 /* Pods-Sinup_lesson.debug.xcconfig */ = {isa = PBXFileReference; includeInIndex = 1; lastKnownFileType = text.xcconfig; name = "Pods-Sinup_lesson.debug.xcconfig"; path = "Target Support Files/Pods-Sinup_lesson/Pods-Sinup_lesson.debug.xcconfig"; sourceTree = "<group>"; };
		8BBC3222A90CBEE684C57065 /* Pods-Sinup_lesson-Sinup_lessonUITests.debug.xcconfig */ = {isa = PBXFileReference; includeInIndex = 1; lastKnownFileType = text.xcconfig; name = "Pods-Sinup_lesson-Sinup_lessonUITests.debug.xcconfig"; path = "Target Support Files/Pods-Sinup_lesson-Sinup_lessonUITests/Pods-Sinup_lesson-Sinup_lessonUITests.debug.xcconfig"; sourceTree = "<group>"; };
		9869509D766730424BD8C54B /* Pods_Sinup_lesson_Sinup_lessonUITests.framework */ = {isa = PBXFileReference; explicitFileType = wrapper.framework; includeInIndex = 0; path = Pods_Sinup_lesson_Sinup_lessonUITests.framework; sourceTree = BUILT_PRODUCTS_DIR; };
		A775A24FFDFFAC7D0322B3FA /* Pods-Sinup_lessonTests.debug.xcconfig */ = {isa = PBXFileReference; includeInIndex = 1; lastKnownFileType = text.xcconfig; name = "Pods-Sinup_lessonTests.debug.xcconfig"; path = "Target Support Files/Pods-Sinup_lessonTests/Pods-Sinup_lessonTests.debug.xcconfig"; sourceTree = "<group>"; };
		C1AEFB67052C2D341732F776 /* Pods_Sinup_lesson.framework */ = {isa = PBXFileReference; explicitFileType = wrapper.framework; includeInIndex = 0; path = Pods_Sinup_lesson.framework; sourceTree = BUILT_PRODUCTS_DIR; };
		CF01869A2B6BB4BD1180E52E /* Pods-Sinup_lessonTests.release.xcconfig */ = {isa = PBXFileReference; includeInIndex = 1; lastKnownFileType = text.xcconfig; name = "Pods-Sinup_lessonTests.release.xcconfig"; path = "Target Support Files/Pods-Sinup_lessonTests/Pods-Sinup_lessonTests.release.xcconfig"; sourceTree = "<group>"; };
		D662DC3724075CC000EEBD78 /* LoginViewController.swift */ = {isa = PBXFileReference; lastKnownFileType = sourcecode.swift; path = LoginViewController.swift; sourceTree = "<group>"; };
		D662DC3824075CC000EEBD78 /* LoginViewController.xib */ = {isa = PBXFileReference; lastKnownFileType = file.xib; path = LoginViewController.xib; sourceTree = "<group>"; };
		D662DC3C24075DBB00EEBD78 /* UserModel.swift */ = {isa = PBXFileReference; lastKnownFileType = sourcecode.swift; path = UserModel.swift; sourceTree = "<group>"; };
		D662DC3F24075DF600EEBD78 /* NextViewController.swift */ = {isa = PBXFileReference; lastKnownFileType = sourcecode.swift; path = NextViewController.swift; sourceTree = "<group>"; };
		D662DC4024075DF600EEBD78 /* NextViewController.xib */ = {isa = PBXFileReference; lastKnownFileType = file.xib; path = NextViewController.xib; sourceTree = "<group>"; };
		D662DC4324075F5D00EEBD78 /* GoogleService-Info.plist */ = {isa = PBXFileReference; fileEncoding = 4; lastKnownFileType = text.plist.xml; path = "GoogleService-Info.plist"; sourceTree = "<group>"; };
		D674658824075B33001DC193 /* Sinup_lesson.app */ = {isa = PBXFileReference; explicitFileType = wrapper.application; includeInIndex = 0; path = Sinup_lesson.app; sourceTree = BUILT_PRODUCTS_DIR; };
		D674658B24075B33001DC193 /* AppDelegate.swift */ = {isa = PBXFileReference; lastKnownFileType = sourcecode.swift; path = AppDelegate.swift; sourceTree = "<group>"; };
		D674658D24075B33001DC193 /* SceneDelegate.swift */ = {isa = PBXFileReference; lastKnownFileType = sourcecode.swift; path = SceneDelegate.swift; sourceTree = "<group>"; };
		D674659224075B33001DC193 /* Base */ = {isa = PBXFileReference; lastKnownFileType = file.storyboard; name = Base; path = Base.lproj/Main.storyboard; sourceTree = "<group>"; };
		D674659424075B34001DC193 /* Assets.xcassets */ = {isa = PBXFileReference; lastKnownFileType = folder.assetcatalog; path = Assets.xcassets; sourceTree = "<group>"; };
		D674659724075B34001DC193 /* Base */ = {isa = PBXFileReference; lastKnownFileType = file.storyboard; name = Base; path = Base.lproj/LaunchScreen.storyboard; sourceTree = "<group>"; };
		D674659924075B34001DC193 /* Info.plist */ = {isa = PBXFileReference; lastKnownFileType = text.plist.xml; path = Info.plist; sourceTree = "<group>"; };
		D674659E24075B34001DC193 /* Sinup_lessonTests.xctest */ = {isa = PBXFileReference; explicitFileType = wrapper.cfbundle; includeInIndex = 0; path = Sinup_lessonTests.xctest; sourceTree = BUILT_PRODUCTS_DIR; };
		D67465A224075B34001DC193 /* Sinup_lessonTests.swift */ = {isa = PBXFileReference; lastKnownFileType = sourcecode.swift; path = Sinup_lessonTests.swift; sourceTree = "<group>"; };
		D67465A424075B34001DC193 /* Info.plist */ = {isa = PBXFileReference; lastKnownFileType = text.plist.xml; path = Info.plist; sourceTree = "<group>"; };
		D67465A924075B34001DC193 /* Sinup_lessonUITests.xctest */ = {isa = PBXFileReference; explicitFileType = wrapper.cfbundle; includeInIndex = 0; path = Sinup_lessonUITests.xctest; sourceTree = BUILT_PRODUCTS_DIR; };
		D67465AD24075B34001DC193 /* Sinup_lessonUITests.swift */ = {isa = PBXFileReference; lastKnownFileType = sourcecode.swift; path = Sinup_lessonUITests.swift; sourceTree = "<group>"; };
		D67465AF24075B34001DC193 /* Info.plist */ = {isa = PBXFileReference; lastKnownFileType = text.plist.xml; path = Info.plist; sourceTree = "<group>"; };
		D6CF17EF24075BC8000B360C /* SinupViewController.swift */ = {isa = PBXFileReference; lastKnownFileType = sourcecode.swift; path = SinupViewController.swift; sourceTree = "<group>"; };
		D6CF17F024075BC8000B360C /* SinupViewController.xib */ = {isa = PBXFileReference; lastKnownFileType = file.xib; path = SinupViewController.xib; sourceTree = "<group>"; };
		E823A43B8748ACE356DF6A2D /* Pods_Sinup_lessonTests.framework */ = {isa = PBXFileReference; explicitFileType = wrapper.framework; includeInIndex = 0; path = Pods_Sinup_lessonTests.framework; sourceTree = BUILT_PRODUCTS_DIR; };
/* End PBXFileReference section */

/* Begin PBXFrameworksBuildPhase section */
		D674658524075B33001DC193 /* Frameworks */ = {
			isa = PBXFrameworksBuildPhase;
			buildActionMask = 2147483647;
			files = (
				14D79FC7F2F91868F106A737 /* Pods_Sinup_lesson.framework in Frameworks */,
			);
			runOnlyForDeploymentPostprocessing = 0;
		};
		D674659B24075B34001DC193 /* Frameworks */ = {
			isa = PBXFrameworksBuildPhase;
			buildActionMask = 2147483647;
			files = (
				4258C9437A28E2FFBDABCFEA /* Pods_Sinup_lessonTests.framework in Frameworks */,
			);
			runOnlyForDeploymentPostprocessing = 0;
		};
		D67465A624075B34001DC193 /* Frameworks */ = {
			isa = PBXFrameworksBuildPhase;
			buildActionMask = 2147483647;
			files = (
				6F244B3615369CE7E14D8B6F /* Pods_Sinup_lesson_Sinup_lessonUITests.framework in Frameworks */,
			);
			runOnlyForDeploymentPostprocessing = 0;
		};
/* End PBXFrameworksBuildPhase section */

/* Begin PBXGroup section */
		88B49B96209911AE1D4F0601 /* Pods */ = {
			isa = PBXGroup;
			children = (
				5D1D3CD95C5EE9AC67D12A43 /* Pods-Sinup_lesson.debug.xcconfig */,
				0F723512E031319061B711E0 /* Pods-Sinup_lesson.release.xcconfig */,
				8BBC3222A90CBEE684C57065 /* Pods-Sinup_lesson-Sinup_lessonUITests.debug.xcconfig */,
				1182FE8AAF914024FECFF6C2 /* Pods-Sinup_lesson-Sinup_lessonUITests.release.xcconfig */,
				A775A24FFDFFAC7D0322B3FA /* Pods-Sinup_lessonTests.debug.xcconfig */,
				CF01869A2B6BB4BD1180E52E /* Pods-Sinup_lessonTests.release.xcconfig */,
			);
			path = Pods;
			sourceTree = "<group>";
		};
		D662DC3B24075D9D00EEBD78 /* UserModel */ = {
			isa = PBXGroup;
			children = (
				D662DC3C24075DBB00EEBD78 /* UserModel.swift */,
			);
			path = UserModel;
			sourceTree = "<group>";
		};
		D662DC3E24075DDD00EEBD78 /* next */ = {
			isa = PBXGroup;
			children = (
				D662DC3F24075DF600EEBD78 /* NextViewController.swift */,
				D662DC4024075DF600EEBD78 /* NextViewController.xib */,
			);
			path = next;
			sourceTree = "<group>";
		};
		D674657F24075B33001DC193 = {
			isa = PBXGroup;
			children = (
				D674658A24075B33001DC193 /* Sinup_lesson */,
				D662DC4324075F5D00EEBD78 /* GoogleService-Info.plist */,
				D67465A124075B34001DC193 /* Sinup_lessonTests */,
				D67465AC24075B34001DC193 /* Sinup_lessonUITests */,
				D674658924075B33001DC193 /* Products */,
				88B49B96209911AE1D4F0601 /* Pods */,
				F6597F5F57AF0F480DEECAF0 /* Frameworks */,
			);
			sourceTree = "<group>";
		};
		D674658924075B33001DC193 /* Products */ = {
			isa = PBXGroup;
			children = (
				D674658824075B33001DC193 /* Sinup_lesson.app */,
				D674659E24075B34001DC193 /* Sinup_lessonTests.xctest */,
				D67465A924075B34001DC193 /* Sinup_lessonUITests.xctest */,
			);
			name = Products;
			sourceTree = "<group>";
		};
		D674658A24075B33001DC193 /* Sinup_lesson */ = {
			isa = PBXGroup;
			children = (
				D662DC3B24075D9D00EEBD78 /* UserModel */,
				D6CF17F324075BD0000B360C /* Auth */,
				D662DC3E24075DDD00EEBD78 /* next */,
				D674658B24075B33001DC193 /* AppDelegate.swift */,
				D674658D24075B33001DC193 /* SceneDelegate.swift */,
				D674659124075B33001DC193 /* Main.storyboard */,
				D674659424075B34001DC193 /* Assets.xcassets */,
				D674659624075B34001DC193 /* LaunchScreen.storyboard */,
				D674659924075B34001DC193 /* Info.plist */,
			);
			path = Sinup_lesson;
			sourceTree = "<group>";
		};
		D67465A124075B34001DC193 /* Sinup_lessonTests */ = {
			isa = PBXGroup;
			children = (
				D67465A224075B34001DC193 /* Sinup_lessonTests.swift */,
				D67465A424075B34001DC193 /* Info.plist */,
			);
			path = Sinup_lessonTests;
			sourceTree = "<group>";
		};
		D67465AC24075B34001DC193 /* Sinup_lessonUITests */ = {
			isa = PBXGroup;
			children = (
				D67465AD24075B34001DC193 /* Sinup_lessonUITests.swift */,
				D67465AF24075B34001DC193 /* Info.plist */,
			);
			path = Sinup_lessonUITests;
			sourceTree = "<group>";
		};
		D6CF17F324075BD0000B360C /* Auth */ = {
			isa = PBXGroup;
			children = (
				D6CF17EF24075BC8000B360C /* SinupViewController.swift */,
				D6CF17F024075BC8000B360C /* SinupViewController.xib */,
				D662DC3724075CC000EEBD78 /* LoginViewController.swift */,
				D662DC3824075CC000EEBD78 /* LoginViewController.xib */,
			);
			path = Auth;
			sourceTree = "<group>";
		};
		F6597F5F57AF0F480DEECAF0 /* Frameworks */ = {
			isa = PBXGroup;
			children = (
				C1AEFB67052C2D341732F776 /* Pods_Sinup_lesson.framework */,
				9869509D766730424BD8C54B /* Pods_Sinup_lesson_Sinup_lessonUITests.framework */,
				E823A43B8748ACE356DF6A2D /* Pods_Sinup_lessonTests.framework */,
			);
			name = Frameworks;
			sourceTree = "<group>";
		};
/* End PBXGroup section */

/* Begin PBXNativeTarget section */
		D674658724075B33001DC193 /* Sinup_lesson */ = {
			isa = PBXNativeTarget;
			buildConfigurationList = D67465B224075B34001DC193 /* Build configuration list for PBXNativeTarget "Sinup_lesson" */;
			buildPhases = (
				1632ABADDFE517D7E74F7774 /* [CP] Check Pods Manifest.lock */,
				D674658424075B33001DC193 /* Sources */,
				D674658524075B33001DC193 /* Frameworks */,
				D674658624075B33001DC193 /* Resources */,
				CFE2A94F785882CDA87F086A /* [CP] Embed Pods Frameworks */,
			);
			buildRules = (
			);
			dependencies = (
			);
			name = Sinup_lesson;
			productName = Sinup_lesson;
			productReference = D674658824075B33001DC193 /* Sinup_lesson.app */;
			productType = "com.apple.product-type.application";
		};
		D674659D24075B34001DC193 /* Sinup_lessonTests */ = {
			isa = PBXNativeTarget;
			buildConfigurationList = D67465B524075B34001DC193 /* Build configuration list for PBXNativeTarget "Sinup_lessonTests" */;
			buildPhases = (
				796B9418A3011728EBC87271 /* [CP] Check Pods Manifest.lock */,
				D674659A24075B34001DC193 /* Sources */,
				D674659B24075B34001DC193 /* Frameworks */,
				D674659C24075B34001DC193 /* Resources */,
			);
			buildRules = (
			);
			dependencies = (
				D67465A024075B34001DC193 /* PBXTargetDependency */,
			);
			name = Sinup_lessonTests;
			productName = Sinup_lessonTests;
			productReference = D674659E24075B34001DC193 /* Sinup_lessonTests.xctest */;
			productType = "com.apple.product-type.bundle.unit-test";
		};
		D67465A824075B34001DC193 /* Sinup_lessonUITests */ = {
			isa = PBXNativeTarget;
			buildConfigurationList = D67465B824075B34001DC193 /* Build configuration list for PBXNativeTarget "Sinup_lessonUITests" */;
			buildPhases = (
				A7BCED0C7941B9C5BEA2ECEC /* [CP] Check Pods Manifest.lock */,
				D67465A524075B34001DC193 /* Sources */,
				D67465A624075B34001DC193 /* Frameworks */,
				D67465A724075B34001DC193 /* Resources */,
				FDA07A8DAF106863CF330435 /* [CP] Embed Pods Frameworks */,
			);
			buildRules = (
			);
			dependencies = (
				D67465AB24075B34001DC193 /* PBXTargetDependency */,
			);
			name = Sinup_lessonUITests;
			productName = Sinup_lessonUITests;
			productReference = D67465A924075B34001DC193 /* Sinup_lessonUITests.xctest */;
			productType = "com.apple.product-type.bundle.ui-testing";
		};
/* End PBXNativeTarget section */

/* Begin PBXProject section */
		D674658024075B33001DC193 /* Project object */ = {
			isa = PBXProject;
			attributes = {
				LastSwiftUpdateCheck = 1130;
				LastUpgradeCheck = 1130;
				ORGANIZATIONNAME = "Takumi Fuzawa";
				TargetAttributes = {
					D674658724075B33001DC193 = {
						CreatedOnToolsVersion = 11.3.1;
					};
					D674659D24075B34001DC193 = {
						CreatedOnToolsVersion = 11.3.1;
						TestTargetID = D674658724075B33001DC193;
					};
					D67465A824075B34001DC193 = {
						CreatedOnToolsVersion = 11.3.1;
						TestTargetID = D674658724075B33001DC193;
					};
				};
			};
			buildConfigurationList = D674658324075B33001DC193 /* Build configuration list for PBXProject "Sinup_lesson" */;
			compatibilityVersion = "Xcode 9.3";
			developmentRegion = en;
			hasScannedForEncodings = 0;
			knownRegions = (
				en,
				Base,
			);
			mainGroup = D674657F24075B33001DC193;
			productRefGroup = D674658924075B33001DC193 /* Products */;
			projectDirPath = "";
			projectRoot = "";
			targets = (
				D674658724075B33001DC193 /* Sinup_lesson */,
				D674659D24075B34001DC193 /* Sinup_lessonTests */,
				D67465A824075B34001DC193 /* Sinup_lessonUITests */,
			);
		};
/* End PBXProject section */

/* Begin PBXResourcesBuildPhase section */
		D674658624075B33001DC193 /* Resources */ = {
			isa = PBXResourcesBuildPhase;
			buildActionMask = 2147483647;
			files = (
				D662DC3A24075CC000EEBD78 /* LoginViewController.xib in Resources */,
				D674659824075B34001DC193 /* LaunchScreen.storyboard in Resources */,
				D674659524075B34001DC193 /* Assets.xcassets in Resources */,
				D662DC4224075DF600EEBD78 /* NextViewController.xib in Resources */,
				D6CF17F224075BC8000B360C /* SinupViewController.xib in Resources */,
				D674659324075B33001DC193 /* Main.storyboard in Resources */,
				D662DC4424075F5D00EEBD78 /* GoogleService-Info.plist in Resources */,
			);
			runOnlyForDeploymentPostprocessing = 0;
		};
		D674659C24075B34001DC193 /* Resources */ = {
			isa = PBXResourcesBuildPhase;
			buildActionMask = 2147483647;
			files = (
			);
			runOnlyForDeploymentPostprocessing = 0;
		};
		D67465A724075B34001DC193 /* Resources */ = {
			isa = PBXResourcesBuildPhase;
			buildActionMask = 2147483647;
			files = (
			);
			runOnlyForDeploymentPostprocessing = 0;
		};
/* End PBXResourcesBuildPhase section */

/* Begin PBXShellScriptBuildPhase section */
		1632ABADDFE517D7E74F7774 /* [CP] Check Pods Manifest.lock */ = {
			isa = PBXShellScriptBuildPhase;
			buildActionMask = 2147483647;
			files = (
			);
			inputFileListPaths = (
			);
			inputPaths = (
				"${PODS_PODFILE_DIR_PATH}/Podfile.lock",
				"${PODS_ROOT}/Manifest.lock",
			);
			name = "[CP] Check Pods Manifest.lock";
			outputFileListPaths = (
			);
			outputPaths = (
				"$(DERIVED_FILE_DIR)/Pods-Sinup_lesson-checkManifestLockResult.txt",
			);
			runOnlyForDeploymentPostprocessing = 0;
			shellPath = /bin/sh;
			shellScript = "diff \"${PODS_PODFILE_DIR_PATH}/Podfile.lock\" \"${PODS_ROOT}/Manifest.lock\" > /dev/null\nif [ $? != 0 ] ; then\n    # print error to STDERR\n    echo \"error: The sandbox is not in sync with the Podfile.lock. Run 'pod install' or update your CocoaPods installation.\" >&2\n    exit 1\nfi\n# This output is used by Xcode 'outputs' to avoid re-running this script phase.\necho \"SUCCESS\" > \"${SCRIPT_OUTPUT_FILE_0}\"\n";
			showEnvVarsInLog = 0;
		};
		796B9418A3011728EBC87271 /* [CP] Check Pods Manifest.lock */ = {
			isa = PBXShellScriptBuildPhase;
			buildActionMask = 2147483647;
			files = (
			);
			inputFileListPaths = (
			);
			inputPaths = (
				"${PODS_PODFILE_DIR_PATH}/Podfile.lock",
				"${PODS_ROOT}/Manifest.lock",
			);
			name = "[CP] Check Pods Manifest.lock";
			outputFileListPaths = (
			);
			outputPaths = (
				"$(DERIVED_FILE_DIR)/Pods-Sinup_lessonTests-checkManifestLockResult.txt",
			);
			runOnlyForDeploymentPostprocessing = 0;
			shellPath = /bin/sh;
			shellScript = "diff \"${PODS_PODFILE_DIR_PATH}/Podfile.lock\" \"${PODS_ROOT}/Manifest.lock\" > /dev/null\nif [ $? != 0 ] ; then\n    # print error to STDERR\n    echo \"error: The sandbox is not in sync with the Podfile.lock. Run 'pod install' or update your CocoaPods installation.\" >&2\n    exit 1\nfi\n# This output is used by Xcode 'outputs' to avoid re-running this script phase.\necho \"SUCCESS\" > \"${SCRIPT_OUTPUT_FILE_0}\"\n";
			showEnvVarsInLog = 0;
		};
		A7BCED0C7941B9C5BEA2ECEC /* [CP] Check Pods Manifest.lock */ = {
			isa = PBXShellScriptBuildPhase;
			buildActionMask = 2147483647;
			files = (
			);
			inputFileListPaths = (
			);
			inputPaths = (
				"${PODS_PODFILE_DIR_PATH}/Podfile.lock",
				"${PODS_ROOT}/Manifest.lock",
			);
			name = "[CP] Check Pods Manifest.lock";
			outputFileListPaths = (
			);
			outputPaths = (
				"$(DERIVED_FILE_DIR)/Pods-Sinup_lesson-Sinup_lessonUITests-checkManifestLockResult.txt",
			);
			runOnlyForDeploymentPostprocessing = 0;
			shellPath = /bin/sh;
			shellScript = "diff \"${PODS_PODFILE_DIR_PATH}/Podfile.lock\" \"${PODS_ROOT}/Manifest.lock\" > /dev/null\nif [ $? != 0 ] ; then\n    # print error to STDERR\n    echo \"error: The sandbox is not in sync with the Podfile.lock. Run 'pod install' or update your CocoaPods installation.\" >&2\n    exit 1\nfi\n# This output is used by Xcode 'outputs' to avoid re-running this script phase.\necho \"SUCCESS\" > \"${SCRIPT_OUTPUT_FILE_0}\"\n";
			showEnvVarsInLog = 0;
		};
		CFE2A94F785882CDA87F086A /* [CP] Embed Pods Frameworks */ = {
			isa = PBXShellScriptBuildPhase;
			buildActionMask = 2147483647;
			files = (
			);
			inputFileListPaths = (
				"${PODS_ROOT}/Target Support Files/Pods-Sinup_lesson/Pods-Sinup_lesson-frameworks-${CONFIGURATION}-input-files.xcfilelist",
			);
			name = "[CP] Embed Pods Frameworks";
			outputFileListPaths = (
				"${PODS_ROOT}/Target Support Files/Pods-Sinup_lesson/Pods-Sinup_lesson-frameworks-${CONFIGURATION}-output-files.xcfilelist",
			);
			runOnlyForDeploymentPostprocessing = 0;
			shellPath = /bin/sh;
			shellScript = "\"${PODS_ROOT}/Target Support Files/Pods-Sinup_lesson/Pods-Sinup_lesson-frameworks.sh\"\n";
			showEnvVarsInLog = 0;
		};
		FDA07A8DAF106863CF330435 /* [CP] Embed Pods Frameworks */ = {
			isa = PBXShellScriptBuildPhase;
			buildActionMask = 2147483647;
			files = (
			);
			inputFileListPaths = (
				"${PODS_ROOT}/Target Support Files/Pods-Sinup_lesson-Sinup_lessonUITests/Pods-Sinup_lesson-Sinup_lessonUITests-frameworks-${CONFIGURATION}-input-files.xcfilelist",
			);
			name = "[CP] Embed Pods Frameworks";
			outputFileListPaths = (
				"${PODS_ROOT}/Target Support Files/Pods-Sinup_lesson-Sinup_lessonUITests/Pods-Sinup_lesson-Sinup_lessonUITests-frameworks-${CONFIGURATION}-output-files.xcfilelist",
			);
			runOnlyForDeploymentPostprocessing = 0;
			shellPath = /bin/sh;
			shellScript = "\"${PODS_ROOT}/Target Support Files/Pods-Sinup_lesson-Sinup_lessonUITests/Pods-Sinup_lesson-Sinup_lessonUITests-frameworks.sh\"\n";
			showEnvVarsInLog = 0;
		};
/* End PBXShellScriptBuildPhase section */

/* Begin PBXSourcesBuildPhase section */
		D674658424075B33001DC193 /* Sources */ = {
			isa = PBXSourcesBuildPhase;
			buildActionMask = 2147483647;
			files = (
				D662DC4124075DF600EEBD78 /* NextViewController.swift in Sources */,
				D674658C24075B33001DC193 /* AppDelegate.swift in Sources */,
				D6CF17F124075BC8000B360C /* SinupViewController.swift in Sources */,
				D662DC3924075CC000EEBD78 /* LoginViewController.swift in Sources */,
				D662DC3D24075DBB00EEBD78 /* UserModel.swift in Sources */,
				D674658E24075B33001DC193 /* SceneDelegate.swift in Sources */,
			);
			runOnlyForDeploymentPostprocessing = 0;
		};
		D674659A24075B34001DC193 /* Sources */ = {
			isa = PBXSourcesBuildPhase;
			buildActionMask = 2147483647;
			files = (
				D67465A324075B34001DC193 /* Sinup_lessonTests.swift in Sources */,
			);
			runOnlyForDeploymentPostprocessing = 0;
		};
		D67465A524075B34001DC193 /* Sources */ = {
			isa = PBXSourcesBuildPhase;
			buildActionMask = 2147483647;
			files = (
				D67465AE24075B34001DC193 /* Sinup_lessonUITests.swift in Sources */,
			);
			runOnlyForDeploymentPostprocessing = 0;
		};
/* End PBXSourcesBuildPhase section */

/* Begin PBXTargetDependency section */
		D67465A024075B34001DC193 /* PBXTargetDependency */ = {
			isa = PBXTargetDependency;
			target = D674658724075B33001DC193 /* Sinup_lesson */;
			targetProxy = D674659F24075B34001DC193 /* PBXContainerItemProxy */;
		};
		D67465AB24075B34001DC193 /* PBXTargetDependency */ = {
			isa = PBXTargetDependency;
			target = D674658724075B33001DC193 /* Sinup_lesson */;
			targetProxy = D67465AA24075B34001DC193 /* PBXContainerItemProxy */;
		};
/* End PBXTargetDependency section */

/* Begin PBXVariantGroup section */
		D674659124075B33001DC193 /* Main.storyboard */ = {
			isa = PBXVariantGroup;
			children = (
				D674659224075B33001DC193 /* Base */,
			);
			name = Main.storyboard;
			sourceTree = "<group>";
		};
		D674659624075B34001DC193 /* LaunchScreen.storyboard */ = {
			isa = PBXVariantGroup;
			children = (
				D674659724075B34001DC193 /* Base */,
			);
			name = LaunchScreen.storyboard;
			sourceTree = "<group>";
		};
/* End PBXVariantGroup section */

/* Begin XCBuildConfiguration section */
		D67465B024075B34001DC193 /* Debug */ = {
			isa = XCBuildConfiguration;
			buildSettings = {
				ALWAYS_SEARCH_USER_PATHS = NO;
				CLANG_ANALYZER_NONNULL = YES;
				CLANG_ANALYZER_NUMBER_OBJECT_CONVERSION = YES_AGGRESSIVE;
				CLANG_CXX_LANGUAGE_STANDARD = "gnu++14";
				CLANG_CXX_LIBRARY = "libc++";
				CLANG_ENABLE_MODULES = YES;
				CLANG_ENABLE_OBJC_ARC = YES;
				CLANG_ENABLE_OBJC_WEAK = YES;
				CLANG_WARN_BLOCK_CAPTURE_AUTORELEASING = YES;
				CLANG_WARN_BOOL_CONVERSION = YES;
				CLANG_WARN_COMMA = YES;
				CLANG_WARN_CONSTANT_CONVERSION = YES;
				CLANG_WARN_DEPRECATED_OBJC_IMPLEMENTATIONS = YES;
				CLANG_WARN_DIRECT_OBJC_ISA_USAGE = YES_ERROR;
				CLANG_WARN_DOCUMENTATION_COMMENTS = YES;
				CLANG_WARN_EMPTY_BODY = YES;
				CLANG_WARN_ENUM_CONVERSION = YES;
				CLANG_WARN_INFINITE_RECURSION = YES;
				CLANG_WARN_INT_CONVERSION = YES;
				CLANG_WARN_NON_LITERAL_NULL_CONVERSION = YES;
				CLANG_WARN_OBJC_IMPLICIT_RETAIN_SELF = YES;
				CLANG_WARN_OBJC_LITERAL_CONVERSION = YES;
				CLANG_WARN_OBJC_ROOT_CLASS = YES_ERROR;
				CLANG_WARN_RANGE_LOOP_ANALYSIS = YES;
				CLANG_WARN_STRICT_PROTOTYPES = YES;
				CLANG_WARN_SUSPICIOUS_MOVE = YES;
				CLANG_WARN_UNGUARDED_AVAILABILITY = YES_AGGRESSIVE;
				CLANG_WARN_UNREACHABLE_CODE = YES;
				CLANG_WARN__DUPLICATE_METHOD_MATCH = YES;
				COPY_PHASE_STRIP = NO;
				DEBUG_INFORMATION_FORMAT = dwarf;
				ENABLE_STRICT_OBJC_MSGSEND = YES;
				ENABLE_TESTABILITY = YES;
				GCC_C_LANGUAGE_STANDARD = gnu11;
				GCC_DYNAMIC_NO_PIC = NO;
				GCC_NO_COMMON_BLOCKS = YES;
				GCC_OPTIMIZATION_LEVEL = 0;
				GCC_PREPROCESSOR_DEFINITIONS = (
					"DEBUG=1",
					"$(inherited)",
				);
				GCC_WARN_64_TO_32_BIT_CONVERSION = YES;
				GCC_WARN_ABOUT_RETURN_TYPE = YES_ERROR;
				GCC_WARN_UNDECLARED_SELECTOR = YES;
				GCC_WARN_UNINITIALIZED_AUTOS = YES_AGGRESSIVE;
				GCC_WARN_UNUSED_FUNCTION = YES;
				GCC_WARN_UNUSED_VARIABLE = YES;
				IPHONEOS_DEPLOYMENT_TARGET = 13.2;
				MTL_ENABLE_DEBUG_INFO = INCLUDE_SOURCE;
				MTL_FAST_MATH = YES;
				ONLY_ACTIVE_ARCH = YES;
				SDKROOT = iphoneos;
				SWIFT_ACTIVE_COMPILATION_CONDITIONS = DEBUG;
				SWIFT_OPTIMIZATION_LEVEL = "-Onone";
			};
			name = Debug;
		};
		D67465B124075B34001DC193 /* Release */ = {
			isa = XCBuildConfiguration;
			buildSettings = {
				ALWAYS_SEARCH_USER_PATHS = NO;
				CLANG_ANALYZER_NONNULL = YES;
				CLANG_ANALYZER_NUMBER_OBJECT_CONVERSION = YES_AGGRESSIVE;
				CLANG_CXX_LANGUAGE_STANDARD = "gnu++14";
				CLANG_CXX_LIBRARY = "libc++";
				CLANG_ENABLE_MODULES = YES;
				CLANG_ENABLE_OBJC_ARC = YES;
				CLANG_ENABLE_OBJC_WEAK = YES;
				CLANG_WARN_BLOCK_CAPTURE_AUTORELEASING = YES;
				CLANG_WARN_BOOL_CONVERSION = YES;
				CLANG_WARN_COMMA = YES;
				CLANG_WARN_CONSTANT_CONVERSION = YES;
				CLANG_WARN_DEPRECATED_OBJC_IMPLEMENTATIONS = YES;
				CLANG_WARN_DIRECT_OBJC_ISA_USAGE = YES_ERROR;
				CLANG_WARN_DOCUMENTATION_COMMENTS = YES;
				CLANG_WARN_EMPTY_BODY = YES;
				CLANG_WARN_ENUM_CONVERSION = YES;
				CLANG_WARN_INFINITE_RECURSION = YES;
				CLANG_WARN_INT_CONVERSION = YES;
				CLANG_WARN_NON_LITERAL_NULL_CONVERSION = YES;
				CLANG_WARN_OBJC_IMPLICIT_RETAIN_SELF = YES;
				CLANG_WARN_OBJC_LITERAL_CONVERSION = YES;
				CLANG_WARN_OBJC_ROOT_CLASS = YES_ERROR;
				CLANG_WARN_RANGE_LOOP_ANALYSIS = YES;
				CLANG_WARN_STRICT_PROTOTYPES = YES;
				CLANG_WARN_SUSPICIOUS_MOVE = YES;
				CLANG_WARN_UNGUARDED_AVAILABILITY = YES_AGGRESSIVE;
				CLANG_WARN_UNREACHABLE_CODE = YES;
				CLANG_WARN__DUPLICATE_METHOD_MATCH = YES;
				COPY_PHASE_STRIP = NO;
				DEBUG_INFORMATION_FORMAT = "dwarf-with-dsym";
				ENABLE_NS_ASSERTIONS = NO;
				ENABLE_STRICT_OBJC_MSGSEND = YES;
				GCC_C_LANGUAGE_STANDARD = gnu11;
				GCC_NO_COMMON_BLOCKS = YES;
				GCC_WARN_64_TO_32_BIT_CONVERSION = YES;
				GCC_WARN_ABOUT_RETURN_TYPE = YES_ERROR;
				GCC_WARN_UNDECLARED_SELECTOR = YES;
				GCC_WARN_UNINITIALIZED_AUTOS = YES_AGGRESSIVE;
				GCC_WARN_UNUSED_FUNCTION = YES;
				GCC_WARN_UNUSED_VARIABLE = YES;
				IPHONEOS_DEPLOYMENT_TARGET = 13.2;
				MTL_ENABLE_DEBUG_INFO = NO;
				MTL_FAST_MATH = YES;
				SDKROOT = iphoneos;
				SWIFT_COMPILATION_MODE = wholemodule;
				SWIFT_OPTIMIZATION_LEVEL = "-O";
				VALIDATE_PRODUCT = YES;
			};
			name = Release;
		};
		D67465B324075B34001DC193 /* Debug */ = {
			isa = XCBuildConfiguration;
			baseConfigurationReference = 5D1D3CD95C5EE9AC67D12A43 /* Pods-Sinup_lesson.debug.xcconfig */;
			buildSettings = {
				ASSETCATALOG_COMPILER_APPICON_NAME = AppIcon;
				CODE_SIGN_STYLE = Automatic;
				INFOPLIST_FILE = Sinup_lesson/Info.plist;
				LD_RUNPATH_SEARCH_PATHS = (
					"$(inherited)",
					"@executable_path/Frameworks",
				);
				PRODUCT_BUNDLE_IDENTIFIER = "com.futakumin.Sinup-lesson";
				PRODUCT_NAME = "$(TARGET_NAME)";
				SWIFT_VERSION = 5.0;
				TARGETED_DEVICE_FAMILY = "1,2";
			};
			name = Debug;
		};
		D67465B424075B34001DC193 /* Release */ = {
			isa = XCBuildConfiguration;
			baseConfigurationReference = 0F723512E031319061B711E0 /* Pods-Sinup_lesson.release.xcconfig */;
			buildSettings = {
				ASSETCATALOG_COMPILER_APPICON_NAME = AppIcon;
				CODE_SIGN_STYLE = Automatic;
				INFOPLIST_FILE = Sinup_lesson/Info.plist;
				LD_RUNPATH_SEARCH_PATHS = (
					"$(inherited)",
					"@executable_path/Frameworks",
				);
				PRODUCT_BUNDLE_IDENTIFIER = "com.futakumin.Sinup-lesson";
				PRODUCT_NAME = "$(TARGET_NAME)";
				SWIFT_VERSION = 5.0;
				TARGETED_DEVICE_FAMILY = "1,2";
			};
			name = Release;
		};
		D67465B624075B34001DC193 /* Debug */ = {
			isa = XCBuildConfiguration;
			baseConfigurationReference = A775A24FFDFFAC7D0322B3FA /* Pods-Sinup_lessonTests.debug.xcconfig */;
			buildSettings = {
				ALWAYS_EMBED_SWIFT_STANDARD_LIBRARIES = YES;
				BUNDLE_LOADER = "$(TEST_HOST)";
				CODE_SIGN_STYLE = Automatic;
				INFOPLIST_FILE = Sinup_lessonTests/Info.plist;
				IPHONEOS_DEPLOYMENT_TARGET = 13.2;
				LD_RUNPATH_SEARCH_PATHS = (
					"$(inherited)",
					"@executable_path/Frameworks",
					"@loader_path/Frameworks",
				);
				PRODUCT_BUNDLE_IDENTIFIER = "com.futakumin.Sinup-lessonTests";
				PRODUCT_NAME = "$(TARGET_NAME)";
				SWIFT_VERSION = 5.0;
				TARGETED_DEVICE_FAMILY = "1,2";
				TEST_HOST = "$(BUILT_PRODUCTS_DIR)/Sinup_lesson.app/Sinup_lesson";
			};
			name = Debug;
		};
		D67465B724075B34001DC193 /* Release */ = {
			isa = XCBuildConfiguration;
			baseConfigurationReference = CF01869A2B6BB4BD1180E52E /* Pods-Sinup_lessonTests.release.xcconfig */;
			buildSettings = {
				ALWAYS_EMBED_SWIFT_STANDARD_LIBRARIES = YES;
				BUNDLE_LOADER = "$(TEST_HOST)";
				CODE_SIGN_STYLE = Automatic;
				INFOPLIST_FILE = Sinup_lessonTests/Info.plist;
				IPHONEOS_DEPLOYMENT_TARGET = 13.2;
				LD_RUNPATH_SEARCH_PATHS = (
					"$(inherited)",
					"@executable_path/Frameworks",
					"@loader_path/Frameworks",
				);
				PRODUCT_BUNDLE_IDENTIFIER = "com.futakumin.Sinup-lessonTests";
				PRODUCT_NAME = "$(TARGET_NAME)";
				SWIFT_VERSION = 5.0;
				TARGETED_DEVICE_FAMILY = "1,2";
				TEST_HOST = "$(BUILT_PRODUCTS_DIR)/Sinup_lesson.app/Sinup_lesson";
			};
			name = Release;
		};
		D67465B924075B34001DC193 /* Debug */ = {
			isa = XCBuildConfiguration;
			baseConfigurationReference = 8BBC3222A90CBEE684C57065 /* Pods-Sinup_lesson-Sinup_lessonUITests.debug.xcconfig */;
			buildSettings = {
				ALWAYS_EMBED_SWIFT_STANDARD_LIBRARIES = YES;
				CODE_SIGN_STYLE = Automatic;
				INFOPLIST_FILE = Sinup_lessonUITests/Info.plist;
				LD_RUNPATH_SEARCH_PATHS = (
					"$(inherited)",
					"@executable_path/Frameworks",
					"@loader_path/Frameworks",
				);
				PRODUCT_BUNDLE_IDENTIFIER = "com.futakumin.Sinup-lessonUITests";
				PRODUCT_NAME = "$(TARGET_NAME)";
				SWIFT_VERSION = 5.0;
				TARGETED_DEVICE_FAMILY = "1,2";
				TEST_TARGET_NAME = Sinup_lesson;
			};
			name = Debug;
		};
		D67465BA24075B34001DC193 /* Release */ = {
			isa = XCBuildConfiguration;
			baseConfigurationReference = 1182FE8AAF914024FECFF6C2 /* Pods-Sinup_lesson-Sinup_lessonUITests.release.xcconfig */;
			buildSettings = {
				ALWAYS_EMBED_SWIFT_STANDARD_LIBRARIES = YES;
				CODE_SIGN_STYLE = Automatic;
				INFOPLIST_FILE = Sinup_lessonUITests/Info.plist;
				LD_RUNPATH_SEARCH_PATHS = (
					"$(inherited)",
					"@executable_path/Frameworks",
					"@loader_path/Frameworks",
				);
				PRODUCT_BUNDLE_IDENTIFIER = "com.futakumin.Sinup-lessonUITests";
				PRODUCT_NAME = "$(TARGET_NAME)";
				SWIFT_VERSION = 5.0;
				TARGETED_DEVICE_FAMILY = "1,2";
				TEST_TARGET_NAME = Sinup_lesson;
			};
			name = Release;
		};
/* End XCBuildConfiguration section */

/* Begin XCConfigurationList section */
		D674658324075B33001DC193 /* Build configuration list for PBXProject "Sinup_lesson" */ = {
			isa = XCConfigurationList;
			buildConfigurations = (
				D67465B024075B34001DC193 /* Debug */,
				D67465B124075B34001DC193 /* Release */,
			);
			defaultConfigurationIsVisible = 0;
			defaultConfigurationName = Release;
		};
		D67465B224075B34001DC193 /* Build configuration list for PBXNativeTarget "Sinup_lesson" */ = {
			isa = XCConfigurationList;
			buildConfigurations = (
				D67465B324075B34001DC193 /* Debug */,
				D67465B424075B34001DC193 /* Release */,
			);
			defaultConfigurationIsVisible = 0;
			defaultConfigurationName = Release;
		};
		D67465B524075B34001DC193 /* Build configuration list for PBXNativeTarget "Sinup_lessonTests" */ = {
			isa = XCConfigurationList;
			buildConfigurations = (
				D67465B624075B34001DC193 /* Debug */,
				D67465B724075B34001DC193 /* Release */,
			);
			defaultConfigurationIsVisible = 0;
			defaultConfigurationName = Release;
		};
		D67465B824075B34001DC193 /* Build configuration list for PBXNativeTarget "Sinup_lessonUITests" */ = {
			isa = XCConfigurationList;
			buildConfigurations = (
				D67465B924075B34001DC193 /* Debug */,
				D67465BA24075B34001DC193 /* Release */,
			);
			defaultConfigurationIsVisible = 0;
			defaultConfigurationName = Release;
		};
/* End XCConfigurationList section */
	};
	rootObject = D674658024075B33001DC193 /* Project object */;
}
